
Microsoft Visual Studio Solution File, Format Version 12.00
# Visual Studio 15
VisualStudioVersion = 15.0.26430.13
MinimumVisualStudioVersion = 10.0.40219.1
Project("{FAE04EC0-301F-11D3-BF4B-00C04F79EFBC}") = "CrystalDisplayEngine", "CrystalDisplayEngine\CrystalDisplayEngine.csproj", "{F324B927-3EED-473D-A7B6-E1D972401B2B}"
EndProject
Project("{FAE04EC0-301F-11D3-BF4B-00C04F79EFBC}") = "CrystalDisplayOutput", "CrystalDisplayOutput\CrystalDisplayOutput.csproj", "{C819530B-5602-4081-A45B-FA29A47AA832}"
EndProject
Project("{FAE04EC0-301F-11D3-BF4B-00C04F79EFBC}") = "CrystalDisplayInput", "CrystalDisplayInput\CrystalDisplayInput.csproj", "{42235ACC-033C-4839-B936-C2025687DF0D}"
EndProject
Global
	GlobalSection(SolutionConfigurationPlatforms) = preSolution
		Debug|Any CPU = Debug|Any CPU
		Release|Any CPU = Release|Any CPU
	EndGlobalSection
	GlobalSection(ProjectConfigurationPlatforms) = postSolution
		{F324B927-3EED-473D-A7B6-E1D972401B2B}.Debug|Any CPU.ActiveCfg = Debug|Any CPU
		{F324B927-3EED-473D-A7B6-E1D972401B2B}.Debug|Any CPU.Build.0 = Debug|Any CPU
		{F324B927-3EED-473D-A7B6-E1D972401B2B}.Release|Any CPU.ActiveCfg = Release|Any CPU
		{F324B927-3EED-473D-A7B6-E1D972401B2B}.Release|Any CPU.Build.0 = Release|Any CPU
		{C819530B-5602-4081-A45B-FA29A47AA832}.Debug|Any CPU.ActiveCfg = Debug|Any CPU
		{C819530B-5602-4081-A45B-FA29A47AA832}.Debug|Any CPU.Build.0 = Debug|Any CPU
		{C819530B-5602-4081-A45B-FA29A47AA832}.Release|Any CPU.ActiveCfg = Release|Any CPU
		{C819530B-5602-4081-A45B-FA29A47AA832}.Release|Any CPU.Build.0 = Release|Any CPU
		{42235ACC-033C-4839-B936-C2025687DF0D}.Debug|Any CPU.ActiveCfg = Debug|Any CPU
		{42235ACC-033C-4839-B936-C2025687DF0D}.Debug|Any CPU.Build.0 = Debug|Any CPU
		{42235ACC-033C-4839-B936-C2025687DF0D}.Release|Any CPU.ActiveCfg = Release|Any CPU
		{42235ACC-033C-4839-B936-C2025687DF0D}.Release|Any CPU.Build.0 = Release|Any CPU
	EndGlobalSection
	GlobalSection(SolutionProperties) = preSolution
		HideSolutionNode = FALSE
	EndGlobalSection
EndGlobal
